github.com/baalimago/go_away_boilerplate v1.3.34 h1:6fzbpN/mWPYkboO9TF8F6jdV7wNQfahyNh4pQ2NxM3A=
github.com/baalimago/go_away_boilerplate v1.3.34/go.mod h1:2O+zQ0Zm8vPD5SeccFFlgyf3AnYWQSHAut/ecPMmRdU=
golang.org/x/exp v0.0.0-20240119083558-1b970713d09a h1:Q8/wZp0KX97QFTc2ywcOE0YRjZPVIx+MXInMzdvQqcA=
golang.org/x/exp v0.0.0-20240119083558-1b970713d09a/go.mod h1:idGWGoKP1toJGkd5/ig9ZLuPcZBC3ewk7SzmH0uou08=
golang.org/x/net v0.24.0 h1:1PcaxkF854Fu3+lvBIx5SYn9wRlBzzcnHZSiaFFAb0w=
golang.org/x/net v0.24.0/go.mod h1:2Q7sJY5mzlzWjKtYUEXSlBWCdyaioyXzRB2RtU8KVE8=
