github.com/baalimago/go_away_boilerplate v1.3.6 h1:xwURyhK48M/adrISFU4bLxuBthwXF+DqT3TEZoF51DU=
github.com/baalimago/go_away_boilerplate v1.3.6/go.mod h1:2O+zQ0Zm8vPD5SeccFFlgyf3AnYWQSHAut/ecPMmRdU=
golang.org/x/exp v0.0.0-20240119083558-1b970713d09a h1:Q8/wZp0KX97QFTc2ywcOE0YRjZPVIx+MXInMzdvQqcA=
golang.org/x/exp v0.0.0-20240119083558-1b970713d09a/go.mod h1:idGWGoKP1toJGkd5/ig9ZLuPcZBC3ewk7SzmH0uou08=
